
Microsoft Visual Studio Solution File, Format Version 12.00
# Visual Studio Version 17
VisualStudioVersion = 17.6.33801.468
MinimumVisualStudioVersion = 10.0.40219.1
Project("{FAE04EC0-301F-11D3-BF4B-00C04F79EFBC}") = "MJPMGit.Android", "MJPMGit.Android\MJPMGit.Android.csproj", "{62178506-4E71-49BD-9132-96B14D525280}"
EndProject
Project("{FAE04EC0-301F-11D3-BF4B-00C04F79EFBC}") = "MJPMGit.iOS", "MJPMGit.iOS\MJPMGit.iOS.csproj", "{F9C38FFB-428B-4008-9D22-7F2BA1AB589C}"
EndProject
Project("{FAE04EC0-301F-11D3-BF4B-00C04F79EFBC}") = "MJPMGit", "MJPMGit\MJPMGit.csproj", "{7500AF05-0534-4B6C-BC84-1100ED316018}"
EndProject
Global
	GlobalSection(SolutionConfigurationPlatforms) = preSolution
		Debug|Any CPU = Debug|Any CPU
		Debug|iPhone = Debug|iPhone
		Debug|iPhoneSimulator = Debug|iPhoneSimulator
		Release|Any CPU = Release|Any CPU
		Release|iPhone = Release|iPhone
		Release|iPhoneSimulator = Release|iPhoneSimulator
	EndGlobalSection
	GlobalSection(ProjectConfigurationPlatforms) = postSolution
		{62178506-4E71-49BD-9132-96B14D525280}.Debug|Any CPU.ActiveCfg = Debug|Any CPU
		{62178506-4E71-49BD-9132-96B14D525280}.Debug|Any CPU.Build.0 = Debug|Any CPU
		{62178506-4E71-49BD-9132-96B14D525280}.Debug|Any CPU.Deploy.0 = Debug|Any CPU
		{62178506-4E71-49BD-9132-96B14D525280}.Debug|iPhone.ActiveCfg = Debug|Any CPU
		{62178506-4E71-49BD-9132-96B14D525280}.Debug|iPhone.Build.0 = Debug|Any CPU
		{62178506-4E71-49BD-9132-96B14D525280}.Debug|iPhone.Deploy.0 = Debug|Any CPU
		{62178506-4E71-49BD-9132-96B14D525280}.Debug|iPhoneSimulator.ActiveCfg = Debug|Any CPU
		{62178506-4E71-49BD-9132-96B14D525280}.Debug|iPhoneSimulator.Build.0 = Debug|Any CPU
		{62178506-4E71-49BD-9132-96B14D525280}.Debug|iPhoneSimulator.Deploy.0 = Debug|Any CPU
		{62178506-4E71-49BD-9132-96B14D525280}.Release|Any CPU.ActiveCfg = Release|Any CPU
		{62178506-4E71-49BD-9132-96B14D525280}.Release|Any CPU.Build.0 = Release|Any CPU
		{62178506-4E71-49BD-9132-96B14D525280}.Release|Any CPU.Deploy.0 = Release|Any CPU
		{62178506-4E71-49BD-9132-96B14D525280}.Release|iPhone.ActiveCfg = Release|Any CPU
		{62178506-4E71-49BD-9132-96B14D525280}.Release|iPhone.Build.0 = Release|Any CPU
		{62178506-4E71-49BD-9132-96B14D525280}.Release|iPhone.Deploy.0 = Release|Any CPU
		{62178506-4E71-49BD-9132-96B14D525280}.Release|iPhoneSimulator.ActiveCfg = Release|Any CPU
		{62178506-4E71-49BD-9132-96B14D525280}.Release|iPhoneSimulator.Build.0 = Release|Any CPU
		{62178506-4E71-49BD-9132-96B14D525280}.Release|iPhoneSimulator.Deploy.0 = Release|Any CPU
		{F9C38FFB-428B-4008-9D22-7F2BA1AB589C}.Debug|Any CPU.ActiveCfg = Debug|iPhone
		{F9C38FFB-428B-4008-9D22-7F2BA1AB589C}.Debug|Any CPU.Build.0 = Debug|iPhone
		{F9C38FFB-428B-4008-9D22-7F2BA1AB589C}.Debug|Any CPU.Deploy.0 = Debug|iPhone
		{F9C38FFB-428B-4008-9D22-7F2BA1AB589C}.Debug|iPhone.ActiveCfg = Debug|iPhone
		{F9C38FFB-428B-4008-9D22-7F2BA1AB589C}.Debug|iPhone.Build.0 = Debug|iPhone
		{F9C38FFB-428B-4008-9D22-7F2BA1AB589C}.Debug|iPhone.Deploy.0 = Debug|iPhone
		{F9C38FFB-428B-4008-9D22-7F2BA1AB589C}.Debug|iPhoneSimulator.ActiveCfg = Debug|iPhoneSimulator
		{F9C38FFB-428B-4008-9D22-7F2BA1AB589C}.Debug|iPhoneSimulator.Build.0 = Debug|iPhoneSimulator
		{F9C38FFB-428B-4008-9D22-7F2BA1AB589C}.Debug|iPhoneSimulator.Deploy.0 = Debug|iPhoneSimulator
		{F9C38FFB-428B-4008-9D22-7F2BA1AB589C}.Release|Any CPU.ActiveCfg = Release|iPhoneSimulator
		{F9C38FFB-428B-4008-9D22-7F2BA1AB589C}.Release|Any CPU.Build.0 = Release|iPhoneSimulator
		{F9C38FFB-428B-4008-9D22-7F2BA1AB589C}.Release|Any CPU.Deploy.0 = Release|iPhoneSimulator
		{F9C38FFB-428B-4008-9D22-7F2BA1AB589C}.Release|iPhone.ActiveCfg = Release|iPhone
		{F9C38FFB-428B-4008-9D22-7F2BA1AB589C}.Release|iPhone.Build.0 = Release|iPhone
		{F9C38FFB-428B-4008-9D22-7F2BA1AB589C}.Release|iPhone.Deploy.0 = Release|iPhone
		{F9C38FFB-428B-4008-9D22-7F2BA1AB589C}.Release|iPhoneSimulator.ActiveCfg = Release|iPhoneSimulator
		{F9C38FFB-428B-4008-9D22-7F2BA1AB589C}.Release|iPhoneSimulator.Build.0 = Release|iPhoneSimulator
		{F9C38FFB-428B-4008-9D22-7F2BA1AB589C}.Release|iPhoneSimulator.Deploy.0 = Release|iPhoneSimulator
		{7500AF05-0534-4B6C-BC84-1100ED316018}.Debug|Any CPU.ActiveCfg = Debug|Any CPU
		{7500AF05-0534-4B6C-BC84-1100ED316018}.Debug|Any CPU.Build.0 = Debug|Any CPU
		{7500AF05-0534-4B6C-BC84-1100ED316018}.Debug|Any CPU.Deploy.0 = Debug|Any CPU
		{7500AF05-0534-4B6C-BC84-1100ED316018}.Debug|iPhone.ActiveCfg = Debug|Any CPU
		{7500AF05-0534-4B6C-BC84-1100ED316018}.Debug|iPhone.Build.0 = Debug|Any CPU
		{7500AF05-0534-4B6C-BC84-1100ED316018}.Debug|iPhone.Deploy.0 = Debug|Any CPU
		{7500AF05-0534-4B6C-BC84-1100ED316018}.Debug|iPhoneSimulator.ActiveCfg = Debug|Any CPU
		{7500AF05-0534-4B6C-BC84-1100ED316018}.Debug|iPhoneSimulator.Build.0 = Debug|Any CPU
		{7500AF05-0534-4B6C-BC84-1100ED316018}.Debug|iPhoneSimulator.Deploy.0 = Debug|Any CPU
		{7500AF05-0534-4B6C-BC84-1100ED316018}.Release|Any CPU.ActiveCfg = Release|Any CPU
		{7500AF05-0534-4B6C-BC84-1100ED316018}.Release|Any CPU.Build.0 = Release|Any CPU
		{7500AF05-0534-4B6C-BC84-1100ED316018}.Release|Any CPU.Deploy.0 = Release|Any CPU
		{7500AF05-0534-4B6C-BC84-1100ED316018}.Release|iPhone.ActiveCfg = Release|Any CPU
		{7500AF05-0534-4B6C-BC84-1100ED316018}.Release|iPhone.Build.0 = Release|Any CPU
		{7500AF05-0534-4B6C-BC84-1100ED316018}.Release|iPhone.Deploy.0 = Release|Any CPU
		{7500AF05-0534-4B6C-BC84-1100ED316018}.Release|iPhoneSimulator.ActiveCfg = Release|Any CPU
		{7500AF05-0534-4B6C-BC84-1100ED316018}.Release|iPhoneSimulator.Build.0 = Release|Any CPU
		{7500AF05-0534-4B6C-BC84-1100ED316018}.Release|iPhoneSimulator.Deploy.0 = Release|Any CPU
	EndGlobalSection
	GlobalSection(SolutionProperties) = preSolution
		HideSolutionNode = FALSE
	EndGlobalSection
	GlobalSection(ExtensibilityGlobals) = postSolution
		SolutionGuid = {97176597-AF6F-402B-9354-A6B54F7A397F}
	EndGlobalSection
EndGlobal
